
Microsoft Visual Studio Solution File, Format Version 12.00
# Visual Studio Version 16
VisualStudioVersion = 16.0.31410.357
MinimumVisualStudioVersion = 10.0.40219.1
Project("{9A19103F-16F7-4668-BE54-9A1E7A4F7556}") = "LinkedListOperations", "LinkedListOperations\LinkedListOperations.csproj", "{D821FE17-2BB1-4723-997E-9C4B431F35B8}"
EndProject
Project("{FAE04EC0-301F-11D3-BF4B-00C04F79EFBC}") = "LinkedListTesting", "LinkedListTesting\LinkedListTesting.csproj", "{7A1C9DF6-3059-4CB0-B35D-ED036D0AA625}"
EndProject
Global
	GlobalSection(SolutionConfigurationPlatforms) = preSolution
		Debug|Any CPU = Debug|Any CPU
		Release|Any CPU = Release|Any CPU
	EndGlobalSection
	GlobalSection(ProjectConfigurationPlatforms) = postSolution
		{D821FE17-2BB1-4723-997E-9C4B431F35B8}.Debug|Any CPU.ActiveCfg = Debug|Any CPU
		{D821FE17-2BB1-4723-997E-9C4B431F35B8}.Debug|Any CPU.Build.0 = Debug|Any CPU
		{D821FE17-2BB1-4723-997E-9C4B431F35B8}.Release|Any CPU.ActiveCfg = Release|Any CPU
		{D821FE17-2BB1-4723-997E-9C4B431F35B8}.Release|Any CPU.Build.0 = Release|Any CPU
		{7A1C9DF6-3059-4CB0-B35D-ED036D0AA625}.Debug|Any CPU.ActiveCfg = Debug|Any CPU
		{7A1C9DF6-3059-4CB0-B35D-ED036D0AA625}.Debug|Any CPU.Build.0 = Debug|Any CPU
		{7A1C9DF6-3059-4CB0-B35D-ED036D0AA625}.Release|Any CPU.ActiveCfg = Release|Any CPU
		{7A1C9DF6-3059-4CB0-B35D-ED036D0AA625}.Release|Any CPU.Build.0 = Release|Any CPU
	EndGlobalSection
	GlobalSection(SolutionProperties) = preSolution
		HideSolutionNode = FALSE
	EndGlobalSection
	GlobalSection(ExtensibilityGlobals) = postSolution
		SolutionGuid = {85B55A6D-A82C-4EB3-921C-ED5F3F604D9C}
	EndGlobalSection
EndGlobal
